
Microsoft Visual Studio Solution File, Format Version 12.00
# Visual Studio Version 17
VisualStudioVersion = 17.3.32901.215
MinimumVisualStudioVersion = 10.0.40219.1
Project("{FAE04EC0-301F-11D3-BF4B-00C04F79EFBC}") = "Api", "Api\Api.csproj", "{D7BEE2D5-94DF-427D-8AC9-A0B88AA58558}"
EndProject
Project("{FAE04EC0-301F-11D3-BF4B-00C04F79EFBC}") = "ApiModel", "ApiModel\ApiModel.csproj", "{5A32E296-4BD3-4A05-8C61-F552EB330F94}"
EndProject
Project("{FAE04EC0-301F-11D3-BF4B-00C04F79EFBC}") = "ApiService", "ApiService\ApiService.csproj", "{72C23E44-0393-467B-B0A8-2C1C838EE242}"
EndProject
Global
	GlobalSection(SolutionConfigurationPlatforms) = preSolution
		Debug|Any CPU = Debug|Any CPU
		Release|Any CPU = Release|Any CPU
	EndGlobalSection
	GlobalSection(ProjectConfigurationPlatforms) = postSolution
		{D7BEE2D5-94DF-427D-8AC9-A0B88AA58558}.Debug|Any CPU.ActiveCfg = Debug|Any CPU
		{D7BEE2D5-94DF-427D-8AC9-A0B88AA58558}.Debug|Any CPU.Build.0 = Debug|Any CPU
		{D7BEE2D5-94DF-427D-8AC9-A0B88AA58558}.Release|Any CPU.ActiveCfg = Release|Any CPU
		{D7BEE2D5-94DF-427D-8AC9-A0B88AA58558}.Release|Any CPU.Build.0 = Release|Any CPU
		{5A32E296-4BD3-4A05-8C61-F552EB330F94}.Debug|Any CPU.ActiveCfg = Debug|Any CPU
		{5A32E296-4BD3-4A05-8C61-F552EB330F94}.Debug|Any CPU.Build.0 = Debug|Any CPU
		{5A32E296-4BD3-4A05-8C61-F552EB330F94}.Release|Any CPU.ActiveCfg = Release|Any CPU
		{5A32E296-4BD3-4A05-8C61-F552EB330F94}.Release|Any CPU.Build.0 = Release|Any CPU
		{72C23E44-0393-467B-B0A8-2C1C838EE242}.Debug|Any CPU.ActiveCfg = Debug|Any CPU
		{72C23E44-0393-467B-B0A8-2C1C838EE242}.Debug|Any CPU.Build.0 = Debug|Any CPU
		{72C23E44-0393-467B-B0A8-2C1C838EE242}.Release|Any CPU.ActiveCfg = Release|Any CPU
		{72C23E44-0393-467B-B0A8-2C1C838EE242}.Release|Any CPU.Build.0 = Release|Any CPU
	EndGlobalSection
	GlobalSection(SolutionProperties) = preSolution
		HideSolutionNode = FALSE
	EndGlobalSection
	GlobalSection(ExtensibilityGlobals) = postSolution
		SolutionGuid = {C3BB401A-C5F2-49CC-BCC6-819280B0B07B}
	EndGlobalSection
EndGlobal
